// !$*UTF8*$!
{
	archiveVersion = 1;
	classes = {
	};
	objectVersion = 56;
	objects = {

/* Begin PBXBuildFile section */
		E15F3F122BF2D38500C7082C /* FusionTilesApp.swift in Sources */ = {isa = PBXBuildFile; fileRef = E15F3F112BF2D38500C7082C /* FusionTilesApp.swift */; };
		E15F3F142BF2D38500C7082C /* ContentView.swift in Sources */ = {isa = PBXBuildFile; fileRef = E15F3F132BF2D38500C7082C /* ContentView.swift */; };
		E15F3F162BF2D38600C7082C /* Assets.xcassets in Resources */ = {isa = PBXBuildFile; fileRef = E15F3F152BF2D38600C7082C /* Assets.xcassets */; };
		E15F3F192BF2D38600C7082C /* Preview Assets.xcassets in Resources */ = {isa = PBXBuildFile; fileRef = E15F3F182BF2D38600C7082C /* Preview Assets.xcassets */; };
		E15F3F202BF2D3BC00C7082C /* GameView.swift in Sources */ = {isa = PBXBuildFile; fileRef = E15F3F1F2BF2D3BC00C7082C /* GameView.swift */; };
		E15F3F222BF2D3C300C7082C /* GridView.swift in Sources */ = {isa = PBXBuildFile; fileRef = E15F3F212BF2D3C300C7082C /* GridView.swift */; };
		E15F3F242BF2D3CB00C7082C /* TileView.swift in Sources */ = {isa = PBXBuildFile; fileRef = E15F3F232BF2D3CB00C7082C /* TileView.swift */; };
		E15F3F262BF2D3D400C7082C /* GameModel.swift in Sources */ = {isa = PBXBuildFile; fileRef = E15F3F252BF2D3D400C7082C /* GameModel.swift */; };
		E15F3F282BF2D3DF00C7082C /* TileModel.swift in Sources */ = {isa = PBXBuildFile; fileRef = E15F3F272BF2D3DF00C7082C /* TileModel.swift */; };
/* End PBXBuildFile section */

/* Begin PBXFileReference section */
		E15F3F0E2BF2D38500C7082C /* FusionTiles.app */ = {isa = PBXFileReference; explicitFileType = wrapper.application; includeInIndex = 0; path = FusionTiles.app; sourceTree = BUILT_PRODUCTS_DIR; };
		E15F3F112BF2D38500C7082C /* FusionTilesApp.swift */ = {isa = PBXFileReference; lastKnownFileType = sourcecode.swift; path = FusionTilesApp.swift; sourceTree = "<group>"; };
		E15F3F132BF2D38500C7082C /* ContentView.swift */ = {isa = PBXFileReference; lastKnownFileType = sourcecode.swift; path = ContentView.swift; sourceTree = "<group>"; };
		E15F3F152BF2D38600C7082C /* Assets.xcassets */ = {isa = PBXFileReference; lastKnownFileType = folder.assetcatalog; path = Assets.xcassets; sourceTree = "<group>"; };
		E15F3F182BF2D38600C7082C /* Preview Assets.xcassets */ = {isa = PBXFileReference; lastKnownFileType = folder.assetcatalog; path = "Preview Assets.xcassets"; sourceTree = "<group>"; };
		E15F3F1F2BF2D3BC00C7082C /* GameView.swift */ = {isa = PBXFileReference; lastKnownFileType = sourcecode.swift; path = GameView.swift; sourceTree = "<group>"; };
		E15F3F212BF2D3C300C7082C /* GridView.swift */ = {isa = PBXFileReference; lastKnownFileType = sourcecode.swift; path = GridView.swift; sourceTree = "<group>"; };
		E15F3F232BF2D3CB00C7082C /* TileView.swift */ = {isa = PBXFileReference; lastKnownFileType = sourcecode.swift; path = TileView.swift; sourceTree = "<group>"; };
		E15F3F252BF2D3D400C7082C /* GameModel.swift */ = {isa = PBXFileReference; lastKnownFileType = sourcecode.swift; path = GameModel.swift; sourceTree = "<group>"; };
		E15F3F272BF2D3DF00C7082C /* TileModel.swift */ = {isa = PBXFileReference; lastKnownFileType = sourcecode.swift; path = TileModel.swift; sourceTree = "<group>"; };
/* End PBXFileReference section */

/* Begin PBXFrameworksBuildPhase section */
		E15F3F0B2BF2D38500C7082C /* Frameworks */ = {
			isa = PBXFrameworksBuildPhase;
			buildActionMask = 2147483647;
			files = (
			);
			runOnlyForDeploymentPostprocessing = 0;
		};
/* End PBXFrameworksBuildPhase section */

/* Begin PBXGroup section */
		E15F3F052BF2D38500C7082C = {
			isa = PBXGroup;
			children = (
				E15F3F102BF2D38500C7082C /* FusionTiles */,
				E15F3F0F2BF2D38500C7082C /* Products */,
			);
			sourceTree = "<group>";
		};
		E15F3F0F2BF2D38500C7082C /* Products */ = {
			isa = PBXGroup;
			children = (
				E15F3F0E2BF2D38500C7082C /* FusionTiles.app */,
			);
			name = Products;
			sourceTree = "<group>";
		};
		E15F3F102BF2D38500C7082C /* FusionTiles */ = {
			isa = PBXGroup;
			children = (
				E15F3F112BF2D38500C7082C /* FusionTilesApp.swift */,
				E15F3F132BF2D38500C7082C /* ContentView.swift */,
				E15F3F1F2BF2D3BC00C7082C /* GameView.swift */,
				E15F3F212BF2D3C300C7082C /* GridView.swift */,
				E15F3F232BF2D3CB00C7082C /* TileView.swift */,
				E15F3F252BF2D3D400C7082C /* GameModel.swift */,
				E15F3F272BF2D3DF00C7082C /* TileModel.swift */,
				E15F3F152BF2D38600C7082C /* Assets.xcassets */,
				E15F3F172BF2D38600C7082C /* Preview Content */,
			);
			path = FusionTiles;
			sourceTree = "<group>";
		};
		E15F3F172BF2D38600C7082C /* Preview Content */ = {
			isa = PBXGroup;
			children = (
				E15F3F182BF2D38600C7082C /* Preview Assets.xcassets */,
			);
			path = "Preview Content";
			sourceTree = "<group>";
		};
/* End PBXGroup section */

/* Begin PBXNativeTarget section */
		E15F3F0D2BF2D38500C7082C /* FusionTiles */ = {
			isa = PBXNativeTarget;
			buildConfigurationList = E15F3F1C2BF2D38600C7082C /* Build configuration list for PBXNativeTarget "FusionTiles" */;
			buildPhases = (
				E15F3F0A2BF2D38500C7082C /* Sources */,
				E15F3F0B2BF2D38500C7082C /* Frameworks */,
				E15F3F0C2BF2D38500C7082C /* Resources */,
			);
			buildRules = (
			);
			dependencies = (
			);
			name = FusionTiles;
			productName = FusionTiles;
			productReference = E15F3F0E2BF2D38500C7082C /* FusionTiles.app */;
			productType = "com.apple.product-type.application";
		};
/* End PBXNativeTarget section */

/* Begin PBXProject section */
		E15F3F062BF2D38500C7082C /* Project object */ = {
			isa = PBXProject;
			attributes = {
				BuildIndependentTargetsInParallel = 1;
				LastSwiftUpdateCheck = 1530;
				LastUpgradeCheck = 1530;
				TargetAttributes = {
					E15F3F0D2BF2D38500C7082C = {
						CreatedOnToolsVersion = 15.3;
					};
				};
			};
			buildConfigurationList = E15F3F092BF2D38500C7082C /* Build configuration list for PBXProject "FusionTiles" */;
			compatibilityVersion = "Xcode 14.0";
			developmentRegion = en;
			hasScannedForEncodings = 0;
			knownRegions = (
				en,
				Base,
			);
			mainGroup = E15F3F052BF2D38500C7082C;
			productRefGroup = E15F3F0F2BF2D38500C7082C /* Products */;
			projectDirPath = "";
			projectRoot = "";
			targets = (
				E15F3F0D2BF2D38500C7082C /* FusionTiles */,
			);
		};
/* End PBXProject section */

/* Begin PBXResourcesBuildPhase section */
		E15F3F0C2BF2D38500C7082C /* Resources */ = {
			isa = PBXResourcesBuildPhase;
			buildActionMask = 2147483647;
			files = (
				E15F3F192BF2D38600C7082C /* Preview Assets.xcassets in Resources */,
				E15F3F162BF2D38600C7082C /* Assets.xcassets in Resources */,
			);
			runOnlyForDeploymentPostprocessing = 0;
		};
/* End PBXResourcesBuildPhase section */

/* Begin PBXSourcesBuildPhase section */
		E15F3F0A2BF2D38500C7082C /* Sources */ = {
			isa = PBXSourcesBuildPhase;
			buildActionMask = 2147483647;
			files = (
				E15F3F142BF2D38500C7082C /* ContentView.swift in Sources */,
				E15F3F202BF2D3BC00C7082C /* GameView.swift in Sources */,
				E15F3F242BF2D3CB00C7082C /* TileView.swift in Sources */,
				E15F3F122BF2D38500C7082C /* FusionTilesApp.swift in Sources */,
				E15F3F282BF2D3DF00C7082C /* TileModel.swift in Sources */,
				E15F3F222BF2D3C300C7082C /* GridView.swift in Sources */,
				E15F3F262BF2D3D400C7082C /* GameModel.swift in Sources */,
			);
			runOnlyForDeploymentPostprocessing = 0;
		};
/* End PBXSourcesBuildPhase section */

/* Begin XCBuildConfiguration section */
		E15F3F1A2BF2D38600C7082C /* Debug */ = {
			isa = XCBuildConfiguration;
			buildSettings = {
				ALWAYS_SEARCH_USER_PATHS = NO;
				ASSETCATALOG_COMPILER_GENERATE_SWIFT_ASSET_SYMBOL_EXTENSIONS = YES;
				CLANG_ANALYZER_NONNULL = YES;
				CLANG_ANALYZER_NUMBER_OBJECT_CONVERSION = YES_AGGRESSIVE;
				CLANG_CXX_LANGUAGE_STANDARD = "gnu++20";
				CLANG_ENABLE_MODULES = YES;
				CLANG_ENABLE_OBJC_ARC = YES;
				CLANG_ENABLE_OBJC_WEAK = YES;
				CLANG_WARN_BLOCK_CAPTURE_AUTORELEASING = YES;
				CLANG_WARN_BOOL_CONVERSION = YES;
				CLANG_WARN_COMMA = YES;
				CLANG_WARN_CONSTANT_CONVERSION = YES;
				CLANG_WARN_DEPRECATED_OBJC_IMPLEMENTATIONS = YES;
				CLANG_WARN_DIRECT_OBJC_ISA_USAGE = YES_ERROR;
				CLANG_WARN_DOCUMENTATION_COMMENTS = YES;
				CLANG_WARN_EMPTY_BODY = YES;
				CLANG_WARN_ENUM_CONVERSION = YES;
				CLANG_WARN_INFINITE_RECURSION = YES;
				CLANG_WARN_INT_CONVERSION = YES;
				CLANG_WARN_NON_LITERAL_NULL_CONVERSION = YES;
				CLANG_WARN_OBJC_IMPLICIT_RETAIN_SELF = YES;
				CLANG_WARN_OBJC_LITERAL_CONVERSION = YES;
				CLANG_WARN_OBJC_ROOT_CLASS = YES_ERROR;
				CLANG_WARN_QUOTED_INCLUDE_IN_FRAMEWORK_HEADER = YES;
				CLANG_WARN_RANGE_LOOP_ANALYSIS = YES;
				CLANG_WARN_STRICT_PROTOTYPES = YES;
				CLANG_WARN_SUSPICIOUS_MOVE = YES;
				CLANG_WARN_UNGUARDED_AVAILABILITY = YES_AGGRESSIVE;
				CLANG_WARN_UNREACHABLE_CODE = YES;
				CLANG_WARN__DUPLICATE_METHOD_MATCH = YES;
				COPY_PHASE_STRIP = NO;
				DEBUG_INFORMATION_FORMAT = dwarf;
				ENABLE_STRICT_OBJC_MSGSEND = YES;
				ENABLE_TESTABILITY = YES;
				ENABLE_USER_SCRIPT_SANDBOXING = YES;
				GCC_C_LANGUAGE_STANDARD = gnu17;
				GCC_DYNAMIC_NO_PIC = NO;
				GCC_NO_COMMON_BLOCKS = YES;
				GCC_OPTIMIZATION_LEVEL = 0;
				GCC_PREPROCESSOR_DEFINITIONS = (
					"DEBUG=1",
					"$(inherited)",
				);
				GCC_WARN_64_TO_32_BIT_CONVERSION = YES;
				GCC_WARN_ABOUT_RETURN_TYPE = YES_ERROR;
				GCC_WARN_UNDECLARED_SELECTOR = YES;
				GCC_WARN_UNINITIALIZED_AUTOS = YES_AGGRESSIVE;
				GCC_WARN_UNUSED_FUNCTION = YES;
				GCC_WARN_UNUSED_VARIABLE = YES;
				IPHONEOS_DEPLOYMENT_TARGET = 17.4;
				LOCALIZATION_PREFERS_STRING_CATALOGS = YES;
				MTL_ENABLE_DEBUG_INFO = INCLUDE_SOURCE;
				MTL_FAST_MATH = YES;
				ONLY_ACTIVE_ARCH = YES;
				SDKROOT = iphoneos;
				SWIFT_ACTIVE_COMPILATION_CONDITIONS = "DEBUG $(inherited)";
				SWIFT_OPTIMIZATION_LEVEL = "-Onone";
			};
			name = Debug;
		};
		E15F3F1B2BF2D38600C7082C /* Release */ = {
			isa = XCBuildConfiguration;
			buildSettings = {
				ALWAYS_SEARCH_USER_PATHS = NO;
				ASSETCATALOG_COMPILER_GENERATE_SWIFT_ASSET_SYMBOL_EXTENSIONS = YES;
				CLANG_ANALYZER_NONNULL = YES;
				CLANG_ANALYZER_NUMBER_OBJECT_CONVERSION = YES_AGGRESSIVE;
				CLANG_CXX_LANGUAGE_STANDARD = "gnu++20";
				CLANG_ENABLE_MODULES = YES;
				CLANG_ENABLE_OBJC_ARC = YES;
				CLANG_ENABLE_OBJC_WEAK = YES;
				CLANG_WARN_BLOCK_CAPTURE_AUTORELEASING = YES;
				CLANG_WARN_BOOL_CONVERSION = YES;
				CLANG_WARN_COMMA = YES;
				CLANG_WARN_CONSTANT_CONVERSION = YES;
				CLANG_WARN_DEPRECATED_OBJC_IMPLEMENTATIONS = YES;
				CLANG_WARN_DIRECT_OBJC_ISA_USAGE = YES_ERROR;
				CLANG_WARN_DOCUMENTATION_COMMENTS = YES;
				CLANG_WARN_EMPTY_BODY = YES;
				CLANG_WARN_ENUM_CONVERSION = YES;
				CLANG_WARN_INFINITE_RECURSION = YES;
				CLANG_WARN_INT_CONVERSION = YES;
				CLANG_WARN_NON_LITERAL_NULL_CONVERSION = YES;
				CLANG_WARN_OBJC_IMPLICIT_RETAIN_SELF = YES;
				CLANG_WARN_OBJC_LITERAL_CONVERSION = YES;
				CLANG_WARN_OBJC_ROOT_CLASS = YES_ERROR;
				CLANG_WARN_QUOTED_INCLUDE_IN_FRAMEWORK_HEADER = YES;
				CLANG_WARN_RANGE_LOOP_ANALYSIS = YES;
				CLANG_WARN_STRICT_PROTOTYPES = YES;
				CLANG_WARN_SUSPICIOUS_MOVE = YES;
				CLANG_WARN_UNGUARDED_AVAILABILITY = YES_AGGRESSIVE;
				CLANG_WARN_UNREACHABLE_CODE = YES;
				CLANG_WARN__DUPLICATE_METHOD_MATCH = YES;
				COPY_PHASE_STRIP = NO;
				DEBUG_INFORMATION_FORMAT = "dwarf-with-dsym";
				ENABLE_NS_ASSERTIONS = NO;
				ENABLE_STRICT_OBJC_MSGSEND = YES;
				ENABLE_USER_SCRIPT_SANDBOXING = YES;
				GCC_C_LANGUAGE_STANDARD = gnu17;
				GCC_NO_COMMON_BLOCKS = YES;
				GCC_WARN_64_TO_32_BIT_CONVERSION = YES;
				GCC_WARN_ABOUT_RETURN_TYPE = YES_ERROR;
				GCC_WARN_UNDECLARED_SELECTOR = YES;
				GCC_WARN_UNINITIALIZED_AUTOS = YES_AGGRESSIVE;
				GCC_WARN_UNUSED_FUNCTION = YES;
				GCC_WARN_UNUSED_VARIABLE = YES;
				IPHONEOS_DEPLOYMENT_TARGET = 17.4;
				LOCALIZATION_PREFERS_STRING_CATALOGS = YES;
				MTL_ENABLE_DEBUG_INFO = NO;
				MTL_FAST_MATH = YES;
				SDKROOT = iphoneos;
				SWIFT_COMPILATION_MODE = wholemodule;
				VALIDATE_PRODUCT = YES;
			};
			name = Release;
		};
		E15F3F1D2BF2D38600C7082C /* Debug */ = {
			isa = XCBuildConfiguration;
			buildSettings = {
				ASSETCATALOG_COMPILER_APPICON_NAME = AppIcon;
				ASSETCATALOG_COMPILER_GLOBAL_ACCENT_COLOR_NAME = AccentColor;
				CODE_SIGN_STYLE = Automatic;
				CURRENT_PROJECT_VERSION = 1;
				DEVELOPMENT_ASSET_PATHS = "\"FusionTiles/Preview Content\"";
				DEVELOPMENT_TEAM = TNY32NLQ4N;
				ENABLE_PREVIEWS = YES;
				GENERATE_INFOPLIST_FILE = YES;
				INFOPLIST_KEY_UIApplicationSceneManifest_Generation = YES;
				INFOPLIST_KEY_UIApplicationSupportsIndirectInputEvents = YES;
				INFOPLIST_KEY_UILaunchScreen_Generation = YES;
				INFOPLIST_KEY_UISupportedInterfaceOrientations_iPad = "UIInterfaceOrientationPortrait UIInterfaceOrientationPortraitUpsideDown UIInterfaceOrientationLandscapeLeft UIInterfaceOrientationLandscapeRight";
				INFOPLIST_KEY_UISupportedInterfaceOrientations_iPhone = "UIInterfaceOrientationPortrait UIInterfaceOrientationLandscapeLeft UIInterfaceOrientationLandscapeRight";
				LD_RUNPATH_SEARCH_PATHS = (
					"$(inherited)",
					"@executable_path/Frameworks",
				);
				MARKETING_VERSION = 1.0;
				PRODUCT_BUNDLE_IDENTIFIER = com.mtekin.FusionTiles;
				PRODUCT_NAME = "$(TARGET_NAME)";
				SWIFT_EMIT_LOC_STRINGS = YES;
				SWIFT_VERSION = 5.0;
				TARGETED_DEVICE_FAMILY = "1,2";
			};
			name = Debug;
		};
		E15F3F1E2BF2D38600C7082C /* Release */ = {
			isa = XCBuildConfiguration;
			buildSettings = {
				ASSETCATALOG_COMPILER_APPICON_NAME = AppIcon;
				ASSETCATALOG_COMPILER_GLOBAL_ACCENT_COLOR_NAME = AccentColor;
				CODE_SIGN_STYLE = Automatic;
				CURRENT_PROJECT_VERSION = 1;
				DEVELOPMENT_ASSET_PATHS = "\"FusionTiles/Preview Content\"";
				DEVELOPMENT_TEAM = TNY32NLQ4N;
				ENABLE_PREVIEWS = YES;
				GENERATE_INFOPLIST_FILE = YES;
				INFOPLIST_KEY_UIApplicationSceneManifest_Generation = YES;
				INFOPLIST_KEY_UIApplicationSupportsIndirectInputEvents = YES;
				INFOPLIST_KEY_UILaunchScreen_Generation = YES;
				INFOPLIST_KEY_UISupportedInterfaceOrientations_iPad = "UIInterfaceOrientationPortrait UIInterfaceOrientationPortraitUpsideDown UIInterfaceOrientationLandscapeLeft UIInterfaceOrientationLandscapeRight";
				INFOPLIST_KEY_UISupportedInterfaceOrientations_iPhone = "UIInterfaceOrientationPortrait UIInterfaceOrientationLandscapeLeft UIInterfaceOrientationLandscapeRight";
				LD_RUNPATH_SEARCH_PATHS = (
					"$(inherited)",
					"@executable_path/Frameworks",
				);
				MARKETING_VERSION = 1.0;
				PRODUCT_BUNDLE_IDENTIFIER = com.mtekin.FusionTiles;
				PRODUCT_NAME = "$(TARGET_NAME)";
				SWIFT_EMIT_LOC_STRINGS = YES;
				SWIFT_VERSION = 5.0;
				TARGETED_DEVICE_FAMILY = "1,2";
			};
			name = Release;
		};
/* End XCBuildConfiguration section */

/* Begin XCConfigurationList section */
		E15F3F092BF2D38500C7082C /* Build configuration list for PBXProject "FusionTiles" */ = {
			isa = XCConfigurationList;
			buildConfigurations = (
				E15F3F1A2BF2D38600C7082C /* Debug */,
				E15F3F1B2BF2D38600C7082C /* Release */,
			);
			defaultConfigurationIsVisible = 0;
			defaultConfigurationName = Release;
		};
		E15F3F1C2BF2D38600C7082C /* Build configuration list for PBXNativeTarget "FusionTiles" */ = {
			isa = XCConfigurationList;
			buildConfigurations = (
				E15F3F1D2BF2D38600C7082C /* Debug */,
				E15F3F1E2BF2D38600C7082C /* Release */,
			);
			defaultConfigurationIsVisible = 0;
			defaultConfigurationName = Release;
		};
/* End XCConfigurationList section */
	};
	rootObject = E15F3F062BF2D38500C7082C /* Project object */;
}
